
Microsoft Visual Studio Solution File, Format Version 12.00
# Visual Studio Version 17
VisualStudioVersion = 17.13.35825.156 d17.13
MinimumVisualStudioVersion = 10.0.40219.1
Project("{FAE04EC0-301F-11D3-BF4B-00C04F79EFBC}") = "Tutorial_4_", "Tutorial_4_\Tutorial_4_.csproj", "{7C49B0A4-19C5-465F-8A80-14BDD16989DF}"
EndProject
Global
	GlobalSection(SolutionConfigurationPlatforms) = preSolution
		Debug|Any CPU = Debug|Any CPU
		Release|Any CPU = Release|Any CPU
	EndGlobalSection
	GlobalSection(ProjectConfigurationPlatforms) = postSolution
		{7C49B0A4-19C5-465F-8A80-14BDD16989DF}.Debug|Any CPU.ActiveCfg = Debug|Any CPU
		{7C49B0A4-19C5-465F-8A80-14BDD16989DF}.Debug|Any CPU.Build.0 = Debug|Any CPU
		{7C49B0A4-19C5-465F-8A80-14BDD16989DF}.Release|Any CPU.ActiveCfg = Release|Any CPU
		{7C49B0A4-19C5-465F-8A80-14BDD16989DF}.Release|Any CPU.Build.0 = Release|Any CPU
	EndGlobalSection
	GlobalSection(SolutionProperties) = preSolution
		HideSolutionNode = FALSE
	EndGlobalSection
	GlobalSection(ExtensibilityGlobals) = postSolution
		SolutionGuid = {2B04E6D5-5E54-4B04-BCEA-459954A47346}
	EndGlobalSection
EndGlobal
